{
  "name": "embed-json-in-ts",
  "version": "0.0.9",
  "lockfileVersion": 1,
  "requires": true,
  "dependencies": {
    "@types/events": {
      "version": "3.0.0",
      "resolved": "https://registry.npmjs.org/@types/events/-/events-3.0.0.tgz",
      "integrity": "sha512-EaObqwIvayI5a8dCzhFrjKzVwKLxjoG9T6Ppd5CEo07LRKfQ8Yokw54r5+Wq7FaBQ+yXRvQAYPrHwya1/UFt9g==",
      "dev": true
    },
    "@types/glob": {
      "version": "7.1.1",
      "resolved": "https://registry.npmjs.org/@types/glob/-/glob-7.1.1.tgz",
      "integrity": "sha512-1Bh06cbWJUHMC97acuD6UMG29nMt0Aqz1vF3guLfG+kHHJhy3AyohZFFxYk2f7Q1SQIrNwvncxAE0N/9s70F2w==",
      "dev": true,
      "requires": {
        "@types/events": "*",
        "@types/minimatch": "*",
        "@types/node": "*"
      }
    },
    "@types/minimatch": {
      "version": "3.0.3",
      "resolved": "https://registry.npmjs.org/@types/minimatch/-/minimatch-3.0.3.tgz",
      "integrity": "sha512-tHq6qdbT9U1IRSGf14CL0pUlULksvY9OZ+5eEgl1N7t+OA3tGvNpxJCzuKQlsNgCVwbAs670L1vcVQi8j9HjnA==",
      "dev": true
    },
    "@types/node": {
      "version": "12.7.2",
      "resolved": "https://registry.npmjs.org/@types/node/-/node-12.7.2.tgz",
      "integrity": "sha512-dyYO+f6ihZEtNPDcWNR1fkoTDf3zAK3lAABDze3mz6POyIercH0lEUawUFXlG8xaQZmm1yEBON/4TsYv/laDYg==",
      "dev": true
    },
    "@types/shelljs": {
      "version": "0.8.5",
      "resolved": "https://registry.npmjs.org/@types/shelljs/-/shelljs-0.8.5.tgz",
      "integrity": "sha512-bZgjwIWu9gHCjirKJoOlLzGi5N0QgZ5t7EXEuoqyWCHTuSddURXo3FOBYDyRPNOWzZ6NbkLvZnVkn483Y/tvcQ==",
      "dev": true,
      "requires": {
        "@types/glob": "*",
        "@types/node": "*"
      }
    },
    "async": {
      "version": "2.6.3",
      "resolved": "https://registry.npmjs.org/async/-/async-2.6.3.tgz",
      "integrity": "sha512-zflvls11DCy+dQWzTW2dzuilv8Z5X/pjfmZOWba6TNIVDm+2UDaJmXSOXlasHKfNBs8oo3M0aT50fDEWfKZjXg==",
      "requires": {
        "lodash": "^4.17.14"
      }
    },
    "balanced-match": {
      "version": "1.0.0",
      "resolved": "https://registry.npmjs.org/balanced-match/-/balanced-match-1.0.0.tgz",
      "integrity": "sha1-ibTRmasr7kneFk6gK4nORi1xt2c="
    },
    "binaryextensions": {
      "version": "2.1.2",
      "resolved": "https://registry.npmjs.org/binaryextensions/-/binaryextensions-2.1.2.tgz",
      "integrity": "sha512-xVNN69YGDghOqCCtA6FI7avYrr02mTJjOgB0/f1VPD3pJC8QEvjTKWc4epDx8AqxxA75NI0QpVM2gPJXUbE4Tg=="
    },
    "brace-expansion": {
      "version": "1.1.11",
      "resolved": "https://registry.npmjs.org/brace-expansion/-/brace-expansion-1.1.11.tgz",
      "integrity": "sha512-iCuPHDFgrHX7H2vEI/5xpz07zSHB00TpugqhmYtVmMO6518mCuRMoOYFldEBl0g187ufozdaHgWKcYFb61qGiA==",
      "requires": {
        "balanced-match": "^1.0.0",
        "concat-map": "0.0.1"
      }
    },
    "camelcase": {
      "version": "4.1.0",
      "resolved": "https://registry.npmjs.org/camelcase/-/camelcase-4.1.0.tgz",
      "integrity": "sha1-1UVjW+HjPFQmScaRc+Xeas+uNN0="
    },
    "concat-map": {
      "version": "0.0.1",
      "resolved": "https://registry.npmjs.org/concat-map/-/concat-map-0.0.1.tgz",
      "integrity": "sha1-2Klr13/Wjfd5OnMDajug1UBdR3s="
    },
    "decamelize": {
      "version": "1.2.0",
      "resolved": "https://registry.npmjs.org/decamelize/-/decamelize-1.2.0.tgz",
      "integrity": "sha1-9lNNFRSCabIDUue+4m9QH5oZEpA="
    },
    "editions": {
      "version": "2.1.3",
      "resolved": "https://registry.npmjs.org/editions/-/editions-2.1.3.tgz",
      "integrity": "sha512-xDZyVm0A4nLgMNWVVLJvcwMjI80ShiH/27RyLiCnW1L273TcJIA25C4pwJ33AWV01OX6UriP35Xu+lH4S7HWQw==",
      "requires": {
        "errlop": "^1.1.1",
        "semver": "^5.6.0"
      }
    },
    "errlop": {
      "version": "1.1.1",
      "resolved": "https://registry.npmjs.org/errlop/-/errlop-1.1.1.tgz",
      "integrity": "sha512-WX7QjiPHhsny7/PQvrhS5VMizXXKoKCS3udaBp8gjlARdbn+XmK300eKBAAN0hGyRaTCtRpOaxK+xFVPUJ3zkw==",
      "requires": {
        "editions": "^2.1.2"
      }
    },
    "fs-to-json": {
      "version": "0.2.0",
      "resolved": "https://registry.npmjs.org/fs-to-json/-/fs-to-json-0.2.0.tgz",
      "integrity": "sha512-Su6A40uKNna/BEQeSct2AsS/IaZN24vMU87PWLsr3eFJyEVHry108Qdg0tFqyOgQZIEsIykp65/eIKMqYkKnnw==",
      "requires": {
        "async": "^2.6.0",
        "glob": "^7.1.2",
        "istextorbinary": "^2.1.0",
        "shelljs": "^0.8.2",
        "yargs-parser": "^10.0.0"
      },
      "dependencies": {
        "yargs-parser": {
          "version": "10.1.0",
          "resolved": "https://registry.npmjs.org/yargs-parser/-/yargs-parser-10.1.0.tgz",
          "integrity": "sha512-VCIyR1wJoEBZUqk5PA+oOBF6ypbwh5aNB3I50guxAL/quggdfs4TtNHQrSazFA3fYZ+tEqfs0zIGlv0c/rgjbQ==",
          "requires": {
            "camelcase": "^4.1.0"
          }
        }
      }
    },
    "fs.realpath": {
      "version": "1.0.0",
      "resolved": "https://registry.npmjs.org/fs.realpath/-/fs.realpath-1.0.0.tgz",
      "integrity": "sha1-FQStJSMVjKpA20onh8sBQRmU6k8="
    },
    "glob": {
      "version": "7.1.4",
      "resolved": "https://registry.npmjs.org/glob/-/glob-7.1.4.tgz",
      "integrity": "sha512-hkLPepehmnKk41pUGm3sYxoFs/umurYfYJCerbXEyFIWcAzvpipAgVkBqqT9RBKMGjnq6kMuyYwha6csxbiM1A==",
      "requires": {
        "fs.realpath": "^1.0.0",
        "inflight": "^1.0.4",
        "inherits": "2",
        "minimatch": "^3.0.4",
        "once": "^1.3.0",
        "path-is-absolute": "^1.0.0"
      }
    },
    "inflight": {
      "version": "1.0.6",
      "resolved": "https://registry.npmjs.org/inflight/-/inflight-1.0.6.tgz",
      "integrity": "sha1-Sb1jMdfQLQwJvJEKEHW6gWW1bfk=",
      "requires": {
        "once": "^1.3.0",
        "wrappy": "1"
      }
    },
    "inherits": {
      "version": "2.0.4",
      "resolved": "https://registry.npmjs.org/inherits/-/inherits-2.0.4.tgz",
      "integrity": "sha512-k/vGaX4/Yla3WzyMCvTQOXYeIHvqOKtnqBduzTHpzpQZzAskKMhZ2K+EnBiSM9zGSoIFeMpXKxa4dYeZIQqewQ=="
    },
    "interpret": {
      "version": "1.2.0",
      "resolved": "https://registry.npmjs.org/interpret/-/interpret-1.2.0.tgz",
      "integrity": "sha512-mT34yGKMNceBQUoVn7iCDKDntA7SC6gycMAWzGx1z/CMCTV7b2AAtXlo3nRyHZ1FelRkQbQjprHSYGwzLtkVbw=="
    },
    "istextorbinary": {
      "version": "2.5.1",
      "resolved": "https://registry.npmjs.org/istextorbinary/-/istextorbinary-2.5.1.tgz",
      "integrity": "sha512-pv/JNPWnfpwGjPx7JrtWTwsWsxkrK3fNzcEVnt92YKEIErps4Fsk49+qzCe9iQF2hjqK8Naqf8P9kzoeCuQI1g==",
      "requires": {
        "binaryextensions": "^2.1.2",
        "editions": "^2.1.3",
        "textextensions": "^2.4.0"
      }
    },
    "jasmine": {
      "version": "3.4.0",
      "resolved": "https://registry.npmjs.org/jasmine/-/jasmine-3.4.0.tgz",
      "integrity": "sha512-sR9b4n+fnBFDEd7VS2el2DeHgKcPiMVn44rtKFumq9q7P/t8WrxsVIZPob4UDdgcDNCwyDqwxCt4k9TDRmjPoQ==",
      "dev": true,
      "requires": {
        "glob": "^7.1.3",
        "jasmine-core": "~3.4.0"
      }
    },
    "jasmine-core": {
      "version": "3.4.0",
      "resolved": "https://registry.npmjs.org/jasmine-core/-/jasmine-core-3.4.0.tgz",
      "integrity": "sha512-HU/YxV4i6GcmiH4duATwAbJQMlE0MsDIR5XmSVxURxKHn3aGAdbY1/ZJFmVRbKtnLwIxxMJD7gYaPsypcbYimg==",
      "dev": true
    },
    "json2ts": {
      "version": "0.0.7",
      "resolved": "https://registry.npmjs.org/json2ts/-/json2ts-0.0.7.tgz",
      "integrity": "sha1-qw7mRpFqh1Igk2M/H/CohHSq+eU=",
      "requires": {
        "underscore": "^1.8.3"
      }
    },
    "lodash": {
      "version": "4.17.21",
      "resolved": "https://registry.npmjs.org/lodash/-/lodash-4.17.21.tgz",
      "integrity": "sha512-v2kDEe57lecTulaDIuNTPy3Ry4gLGJ6Z1O3vE1krgXZNrsQ+LFTGHVxVjcXPs17LhbZVGedAJv8XZ1tvj5FvSg=="
    },
    "minimatch": {
      "version": "3.0.4",
      "resolved": "https://registry.npmjs.org/minimatch/-/minimatch-3.0.4.tgz",
      "integrity": "sha512-yJHVQEhyqPLUTgt9B83PXu6W3rx4MvvHvSUvToogpwoGDOUQ+yDrR0HRot+yOCdCO7u4hX3pWft6kWBBcqh0UA==",
      "requires": {
        "brace-expansion": "^1.1.7"
      }
    },
    "once": {
      "version": "1.4.0",
      "resolved": "https://registry.npmjs.org/once/-/once-1.4.0.tgz",
      "integrity": "sha1-WDsap3WWHUsROsF9nFC6753Xa9E=",
      "requires": {
        "wrappy": "1"
      }
    },
    "path-is-absolute": {
      "version": "1.0.1",
      "resolved": "https://registry.npmjs.org/path-is-absolute/-/path-is-absolute-1.0.1.tgz",
      "integrity": "sha1-F0uSaHNVNP+8es5r9TpanhtcX18="
    },
    "path-parse": {
      "version": "1.0.6",
      "resolved": "https://registry.npmjs.org/path-parse/-/path-parse-1.0.6.tgz",
      "integrity": "sha512-GSmOT2EbHrINBf9SR7CDELwlJ8AENk3Qn7OikK4nFYAu3Ote2+JYNVvkpAEQm3/TLNEJFD/xZJjzyxg3KBWOzw=="
    },
    "rechoir": {
      "version": "0.6.2",
      "resolved": "https://registry.npmjs.org/rechoir/-/rechoir-0.6.2.tgz",
      "integrity": "sha1-hSBLVNuoLVdC4oyWdW70OvUOM4Q=",
      "requires": {
        "resolve": "^1.1.6"
      }
    },
    "resolve": {
      "version": "1.12.0",
      "resolved": "https://registry.npmjs.org/resolve/-/resolve-1.12.0.tgz",
      "integrity": "sha512-B/dOmuoAik5bKcD6s6nXDCjzUKnaDvdkRyAk6rsmsKLipWj4797iothd7jmmUhWTfinVMU+wc56rYKsit2Qy4w==",
      "requires": {
        "path-parse": "^1.0.6"
      }
    },
    "semver": {
      "version": "5.7.1",
      "resolved": "https://registry.npmjs.org/semver/-/semver-5.7.1.tgz",
      "integrity": "sha512-sauaDf/PZdVgrLTNYHRtpXa1iRiKcaebiKQ1BJdpQlWH2lCvexQdX55snPFyK7QzpudqbCI0qXFfOasHdyNDGQ=="
    },
    "shelljs": {
      "version": "0.8.3",
      "resolved": "https://registry.npmjs.org/shelljs/-/shelljs-0.8.3.tgz",
      "integrity": "sha512-fc0BKlAWiLpwZljmOvAOTE/gXawtCoNrP5oaY7KIaQbbyHeQVg01pSEuEGvGh3HEdBU4baCD7wQBwADmM/7f7A==",
      "requires": {
        "glob": "^7.0.0",
        "interpret": "^1.0.0",
        "rechoir": "^0.6.2"
      }
    },
    "textextensions": {
      "version": "2.5.0",
      "resolved": "https://registry.npmjs.org/textextensions/-/textextensions-2.5.0.tgz",
      "integrity": "sha512-1IkVr355eHcomgK7fgj1Xsokturx6L5S2JRT5WcRdA6v5shk9sxWuO/w/VbpQexwkXJMQIa/j1dBi3oo7+HhcA=="
    },
    "typescript": {
      "version": "3.5.3",
      "resolved": "https://registry.npmjs.org/typescript/-/typescript-3.5.3.tgz",
      "integrity": "sha512-ACzBtm/PhXBDId6a6sDJfroT2pOWt/oOnk4/dElG5G33ZL776N3Y6/6bKZJBFpd+b05F3Ct9qDjMeJmRWtE2/g==",
      "dev": true
    },
    "underscore": {
      "version": "1.9.1",
      "resolved": "https://registry.npmjs.org/underscore/-/underscore-1.9.1.tgz",
      "integrity": "sha512-5/4etnCkd9c8gwgowi5/om/mYO5ajCaOgdzj/oW+0eQV9WxKBDZw5+ycmKmeaTXjInS/W0BzpGLo2xR2aBwZdg=="
    },
    "wrappy": {
      "version": "1.0.2",
      "resolved": "https://registry.npmjs.org/wrappy/-/wrappy-1.0.2.tgz",
      "integrity": "sha1-tSQ9jz7BqjXxNkYFvA0QNuMKtp8="
    },
    "yargs-parser": {
      "version": "13.1.1",
      "resolved": "https://registry.npmjs.org/yargs-parser/-/yargs-parser-13.1.1.tgz",
      "integrity": "sha512-oVAVsHz6uFrg3XQheFII8ESO2ssAf9luWuAd6Wexsu4F3OtIW0o8IribPXYrD4WC24LWtPrJlGy87y5udK+dxQ==",
      "requires": {
        "camelcase": "^5.0.0",
        "decamelize": "^1.2.0"
      },
      "dependencies": {
        "camelcase": {
          "version": "5.3.1",
          "resolved": "https://registry.npmjs.org/camelcase/-/camelcase-5.3.1.tgz",
          "integrity": "sha512-L28STB170nwWS63UjtlEOE3dldQApaJXZkOI1uMFfzf3rRuPegHaHesyee+YxQ+W6SvRDQV6UrdOdRiR153wJg=="
        }
      }
    }
  }
}
